
Microsoft Visual Studio Solution File, Format Version 12.00
# Visual Studio Version 17
VisualStudioVersion = 17.0.31903.59
MinimumVisualStudioVersion = 10.0.40219.1
Project("{2150E333-8FDC-42A3-9474-1A3956D46DE8}") = "src", "src", "{827E0CD3-B72D-47B6-A68D-7590B98EB39B}"
EndProject
Project("{FAE04EC0-301F-11D3-BF4B-00C04F79EFBC}") = "OrcamentoMedico.Domain", "src\OrcamentoMedico.Domain\OrcamentoMedico.Domain.csproj", "{40897521-83F3-41C0-8D3D-592A27C5A30E}"
EndProject
Project("{FAE04EC0-301F-11D3-BF4B-00C04F79EFBC}") = "OrcamentoMedico.Application", "src\OrcamentoMedico.Application\OrcamentoMedico.Application.csproj", "{1A57B910-3530-4C45-B07E-284EDA0C38B9}"
EndProject
Project("{FAE04EC0-301F-11D3-BF4B-00C04F79EFBC}") = "OrcamentoMedico.Infrastructure", "src\OrcamentoMedico.Infrastructure\OrcamentoMedico.Infrastructure.csproj", "{03F91946-41BC-4FF5-93BA-7D1D0747D11D}"
EndProject
Project("{FAE04EC0-301F-11D3-BF4B-00C04F79EFBC}") = "OrcamentoMedico.API", "src\OrcamentoMedico.API\OrcamentoMedico.API.csproj", "{C3FE8ACD-8D96-4145-AB32-6FA840FAC4A4}"
EndProject
Project("{FAE04EC0-301F-11D3-BF4B-00C04F79EFBC}") = "OrcamentoMedico.Worker", "src\OrcamentoMedico.Worker\OrcamentoMedico.Worker.csproj", "{FB006973-5C24-4384-A1D8-154DE6D3FECB}"
EndProject
Project("{FAE04EC0-301F-11D3-BF4B-00C04F79EFBC}") = "OrcamentoMedico.Auth", "src\OrcamentoMedico.Auth\OrcamentoMedico.Auth.csproj", "{8D0AD12B-1C0A-4304-AF5B-4B1A71C5B7D2}"
EndProject
Project("{2150E333-8FDC-42A3-9474-1A3956D46DE8}") = "tests", "tests", "{0AB3BF05-4346-4AA6-1389-037BE0695223}"
EndProject
Project("{FAE04EC0-301F-11D3-BF4B-00C04F79EFBC}") = "OrcamentoMedico.Tests", "tests\OrcamentoMedico.Tests\OrcamentoMedico.Tests.csproj", "{B5BA0A41-397F-4253-A2AD-73B796F4ADD4}"
EndProject
Global
	GlobalSection(SolutionConfigurationPlatforms) = preSolution
		Debug|Any CPU = Debug|Any CPU
		Debug|x64 = Debug|x64
		Debug|x86 = Debug|x86
		Release|Any CPU = Release|Any CPU
		Release|x64 = Release|x64
		Release|x86 = Release|x86
	EndGlobalSection
	GlobalSection(ProjectConfigurationPlatforms) = postSolution
		{40897521-83F3-41C0-8D3D-592A27C5A30E}.Debug|Any CPU.ActiveCfg = Debug|Any CPU
		{40897521-83F3-41C0-8D3D-592A27C5A30E}.Debug|Any CPU.Build.0 = Debug|Any CPU
		{40897521-83F3-41C0-8D3D-592A27C5A30E}.Debug|x64.ActiveCfg = Debug|Any CPU
		{40897521-83F3-41C0-8D3D-592A27C5A30E}.Debug|x64.Build.0 = Debug|Any CPU
		{40897521-83F3-41C0-8D3D-592A27C5A30E}.Debug|x86.ActiveCfg = Debug|Any CPU
		{40897521-83F3-41C0-8D3D-592A27C5A30E}.Debug|x86.Build.0 = Debug|Any CPU
		{40897521-83F3-41C0-8D3D-592A27C5A30E}.Release|Any CPU.ActiveCfg = Release|Any CPU
		{40897521-83F3-41C0-8D3D-592A27C5A30E}.Release|Any CPU.Build.0 = Release|Any CPU
		{40897521-83F3-41C0-8D3D-592A27C5A30E}.Release|x64.ActiveCfg = Release|Any CPU
		{40897521-83F3-41C0-8D3D-592A27C5A30E}.Release|x64.Build.0 = Release|Any CPU
		{40897521-83F3-41C0-8D3D-592A27C5A30E}.Release|x86.ActiveCfg = Release|Any CPU
		{40897521-83F3-41C0-8D3D-592A27C5A30E}.Release|x86.Build.0 = Release|Any CPU
		{1A57B910-3530-4C45-B07E-284EDA0C38B9}.Debug|Any CPU.ActiveCfg = Debug|Any CPU
		{1A57B910-3530-4C45-B07E-284EDA0C38B9}.Debug|Any CPU.Build.0 = Debug|Any CPU
		{1A57B910-3530-4C45-B07E-284EDA0C38B9}.Debug|x64.ActiveCfg = Debug|Any CPU
		{1A57B910-3530-4C45-B07E-284EDA0C38B9}.Debug|x64.Build.0 = Debug|Any CPU
		{1A57B910-3530-4C45-B07E-284EDA0C38B9}.Debug|x86.ActiveCfg = Debug|Any CPU
		{1A57B910-3530-4C45-B07E-284EDA0C38B9}.Debug|x86.Build.0 = Debug|Any CPU
		{1A57B910-3530-4C45-B07E-284EDA0C38B9}.Release|Any CPU.ActiveCfg = Release|Any CPU
		{1A57B910-3530-4C45-B07E-284EDA0C38B9}.Release|Any CPU.Build.0 = Release|Any CPU
		{1A57B910-3530-4C45-B07E-284EDA0C38B9}.Release|x64.ActiveCfg = Release|Any CPU
		{1A57B910-3530-4C45-B07E-284EDA0C38B9}.Release|x64.Build.0 = Release|Any CPU
		{1A57B910-3530-4C45-B07E-284EDA0C38B9}.Release|x86.ActiveCfg = Release|Any CPU
		{1A57B910-3530-4C45-B07E-284EDA0C38B9}.Release|x86.Build.0 = Release|Any CPU
		{03F91946-41BC-4FF5-93BA-7D1D0747D11D}.Debug|Any CPU.ActiveCfg = Debug|Any CPU
		{03F91946-41BC-4FF5-93BA-7D1D0747D11D}.Debug|Any CPU.Build.0 = Debug|Any CPU
		{03F91946-41BC-4FF5-93BA-7D1D0747D11D}.Debug|x64.ActiveCfg = Debug|Any CPU
		{03F91946-41BC-4FF5-93BA-7D1D0747D11D}.Debug|x64.Build.0 = Debug|Any CPU
		{03F91946-41BC-4FF5-93BA-7D1D0747D11D}.Debug|x86.ActiveCfg = Debug|Any CPU
		{03F91946-41BC-4FF5-93BA-7D1D0747D11D}.Debug|x86.Build.0 = Debug|Any CPU
		{03F91946-41BC-4FF5-93BA-7D1D0747D11D}.Release|Any CPU.ActiveCfg = Release|Any CPU
		{03F91946-41BC-4FF5-93BA-7D1D0747D11D}.Release|Any CPU.Build.0 = Release|Any CPU
		{03F91946-41BC-4FF5-93BA-7D1D0747D11D}.Release|x64.ActiveCfg = Release|Any CPU
		{03F91946-41BC-4FF5-93BA-7D1D0747D11D}.Release|x64.Build.0 = Release|Any CPU
		{03F91946-41BC-4FF5-93BA-7D1D0747D11D}.Release|x86.ActiveCfg = Release|Any CPU
		{03F91946-41BC-4FF5-93BA-7D1D0747D11D}.Release|x86.Build.0 = Release|Any CPU
		{C3FE8ACD-8D96-4145-AB32-6FA840FAC4A4}.Debug|Any CPU.ActiveCfg = Debug|Any CPU
		{C3FE8ACD-8D96-4145-AB32-6FA840FAC4A4}.Debug|Any CPU.Build.0 = Debug|Any CPU
		{C3FE8ACD-8D96-4145-AB32-6FA840FAC4A4}.Debug|x64.ActiveCfg = Debug|Any CPU
		{C3FE8ACD-8D96-4145-AB32-6FA840FAC4A4}.Debug|x64.Build.0 = Debug|Any CPU
		{C3FE8ACD-8D96-4145-AB32-6FA840FAC4A4}.Debug|x86.ActiveCfg = Debug|Any CPU
		{C3FE8ACD-8D96-4145-AB32-6FA840FAC4A4}.Debug|x86.Build.0 = Debug|Any CPU
		{C3FE8ACD-8D96-4145-AB32-6FA840FAC4A4}.Release|Any CPU.ActiveCfg = Release|Any CPU
		{C3FE8ACD-8D96-4145-AB32-6FA840FAC4A4}.Release|Any CPU.Build.0 = Release|Any CPU
		{C3FE8ACD-8D96-4145-AB32-6FA840FAC4A4}.Release|x64.ActiveCfg = Release|Any CPU
		{C3FE8ACD-8D96-4145-AB32-6FA840FAC4A4}.Release|x64.Build.0 = Release|Any CPU
		{C3FE8ACD-8D96-4145-AB32-6FA840FAC4A4}.Release|x86.ActiveCfg = Release|Any CPU
		{C3FE8ACD-8D96-4145-AB32-6FA840FAC4A4}.Release|x86.Build.0 = Release|Any CPU
		{FB006973-5C24-4384-A1D8-154DE6D3FECB}.Debug|Any CPU.ActiveCfg = Debug|Any CPU
		{FB006973-5C24-4384-A1D8-154DE6D3FECB}.Debug|Any CPU.Build.0 = Debug|Any CPU
		{FB006973-5C24-4384-A1D8-154DE6D3FECB}.Debug|x64.ActiveCfg = Debug|Any CPU
		{FB006973-5C24-4384-A1D8-154DE6D3FECB}.Debug|x64.Build.0 = Debug|Any CPU
		{FB006973-5C24-4384-A1D8-154DE6D3FECB}.Debug|x86.ActiveCfg = Debug|Any CPU
		{FB006973-5C24-4384-A1D8-154DE6D3FECB}.Debug|x86.Build.0 = Debug|Any CPU
		{FB006973-5C24-4384-A1D8-154DE6D3FECB}.Release|Any CPU.ActiveCfg = Release|Any CPU
		{FB006973-5C24-4384-A1D8-154DE6D3FECB}.Release|Any CPU.Build.0 = Release|Any CPU
		{FB006973-5C24-4384-A1D8-154DE6D3FECB}.Release|x64.ActiveCfg = Release|Any CPU
		{FB006973-5C24-4384-A1D8-154DE6D3FECB}.Release|x64.Build.0 = Release|Any CPU
		{FB006973-5C24-4384-A1D8-154DE6D3FECB}.Release|x86.ActiveCfg = Release|Any CPU
		{FB006973-5C24-4384-A1D8-154DE6D3FECB}.Release|x86.Build.0 = Release|Any CPU
		{8D0AD12B-1C0A-4304-AF5B-4B1A71C5B7D2}.Debug|Any CPU.ActiveCfg = Debug|Any CPU
		{8D0AD12B-1C0A-4304-AF5B-4B1A71C5B7D2}.Debug|Any CPU.Build.0 = Debug|Any CPU
		{8D0AD12B-1C0A-4304-AF5B-4B1A71C5B7D2}.Debug|x64.ActiveCfg = Debug|Any CPU
		{8D0AD12B-1C0A-4304-AF5B-4B1A71C5B7D2}.Debug|x64.Build.0 = Debug|Any CPU
		{8D0AD12B-1C0A-4304-AF5B-4B1A71C5B7D2}.Debug|x86.ActiveCfg = Debug|Any CPU
		{8D0AD12B-1C0A-4304-AF5B-4B1A71C5B7D2}.Debug|x86.Build.0 = Debug|Any CPU
		{8D0AD12B-1C0A-4304-AF5B-4B1A71C5B7D2}.Release|Any CPU.ActiveCfg = Release|Any CPU
		{8D0AD12B-1C0A-4304-AF5B-4B1A71C5B7D2}.Release|Any CPU.Build.0 = Release|Any CPU
		{8D0AD12B-1C0A-4304-AF5B-4B1A71C5B7D2}.Release|x64.ActiveCfg = Release|Any CPU
		{8D0AD12B-1C0A-4304-AF5B-4B1A71C5B7D2}.Release|x64.Build.0 = Release|Any CPU
		{8D0AD12B-1C0A-4304-AF5B-4B1A71C5B7D2}.Release|x86.ActiveCfg = Release|Any CPU
		{8D0AD12B-1C0A-4304-AF5B-4B1A71C5B7D2}.Release|x86.Build.0 = Release|Any CPU
		{B5BA0A41-397F-4253-A2AD-73B796F4ADD4}.Debug|Any CPU.ActiveCfg = Debug|Any CPU
		{B5BA0A41-397F-4253-A2AD-73B796F4ADD4}.Debug|Any CPU.Build.0 = Debug|Any CPU
		{B5BA0A41-397F-4253-A2AD-73B796F4ADD4}.Debug|x64.ActiveCfg = Debug|Any CPU
		{B5BA0A41-397F-4253-A2AD-73B796F4ADD4}.Debug|x64.Build.0 = Debug|Any CPU
		{B5BA0A41-397F-4253-A2AD-73B796F4ADD4}.Debug|x86.ActiveCfg = Debug|Any CPU
		{B5BA0A41-397F-4253-A2AD-73B796F4ADD4}.Debug|x86.Build.0 = Debug|Any CPU
		{B5BA0A41-397F-4253-A2AD-73B796F4ADD4}.Release|Any CPU.ActiveCfg = Release|Any CPU
		{B5BA0A41-397F-4253-A2AD-73B796F4ADD4}.Release|Any CPU.Build.0 = Release|Any CPU
		{B5BA0A41-397F-4253-A2AD-73B796F4ADD4}.Release|x64.ActiveCfg = Release|Any CPU
		{B5BA0A41-397F-4253-A2AD-73B796F4ADD4}.Release|x64.Build.0 = Release|Any CPU
		{B5BA0A41-397F-4253-A2AD-73B796F4ADD4}.Release|x86.ActiveCfg = Release|Any CPU
		{B5BA0A41-397F-4253-A2AD-73B796F4ADD4}.Release|x86.Build.0 = Release|Any CPU
	EndGlobalSection
	GlobalSection(SolutionProperties) = preSolution
		HideSolutionNode = FALSE
	EndGlobalSection
	GlobalSection(NestedProjects) = preSolution
		{40897521-83F3-41C0-8D3D-592A27C5A30E} = {827E0CD3-B72D-47B6-A68D-7590B98EB39B}
		{1A57B910-3530-4C45-B07E-284EDA0C38B9} = {827E0CD3-B72D-47B6-A68D-7590B98EB39B}
		{03F91946-41BC-4FF5-93BA-7D1D0747D11D} = {827E0CD3-B72D-47B6-A68D-7590B98EB39B}
		{C3FE8ACD-8D96-4145-AB32-6FA840FAC4A4} = {827E0CD3-B72D-47B6-A68D-7590B98EB39B}
		{FB006973-5C24-4384-A1D8-154DE6D3FECB} = {827E0CD3-B72D-47B6-A68D-7590B98EB39B}
		{8D0AD12B-1C0A-4304-AF5B-4B1A71C5B7D2} = {827E0CD3-B72D-47B6-A68D-7590B98EB39B}
		{B5BA0A41-397F-4253-A2AD-73B796F4ADD4} = {0AB3BF05-4346-4AA6-1389-037BE0695223}
	EndGlobalSection
EndGlobal
